<Solution>
  <Project Path="DunGen.csproj" />
  <Project Path="Assembly-CSharp.csproj" />
  <Project Path="DunGen.Editor.csproj" />
  <Project Path="Assembly-CSharp-Editor.csproj" />
  <Project Path="DunGen.Sample.Basic.csproj" />
  <Project Path="DunGen.Integration.UnityNav.csproj" />
  <Project Path="DunGen.Integration.UnityNav.Editor.csproj" />
  <Project Path="DunGen.Integration.ASPP.csproj" />
</Solution>
